
Microsoft Visual Studio Solution File, Format Version 12.00
# Visual Studio Version 17
VisualStudioVersion = 17.3.32922.545
MinimumVisualStudioVersion = 10.0.40219.1
Project("{FAE04EC0-301F-11D3-BF4B-00C04F79EFBC}") = "Expense Tracking Application", "Expense Tracking Application\Expense Tracking Application.csproj", "{EBA337E7-DF8A-4AF4-87E6-B9278E9B3267}"
EndProject
Global
	GlobalSection(SolutionConfigurationPlatforms) = preSolution
		Debug|Any CPU = Debug|Any CPU
		Release|Any CPU = Release|Any CPU
	EndGlobalSection
	GlobalSection(ProjectConfigurationPlatforms) = postSolution
		{EBA337E7-DF8A-4AF4-87E6-B9278E9B3267}.Debug|Any CPU.ActiveCfg = Debug|Any CPU
		{EBA337E7-DF8A-4AF4-87E6-B9278E9B3267}.Debug|Any CPU.Build.0 = Debug|Any CPU
		{EBA337E7-DF8A-4AF4-87E6-B9278E9B3267}.Release|Any CPU.ActiveCfg = Release|Any CPU
		{EBA337E7-DF8A-4AF4-87E6-B9278E9B3267}.Release|Any CPU.Build.0 = Release|Any CPU
	EndGlobalSection
	GlobalSection(SolutionProperties) = preSolution
		HideSolutionNode = FALSE
	EndGlobalSection
	GlobalSection(ExtensibilityGlobals) = postSolution
		SolutionGuid = {306B7AC9-91EF-4353-955D-5D30EC5751C8}
	EndGlobalSection
EndGlobal
